
Microsoft Visual Studio Solution File, Format Version 12.00
# Visual Studio 14
VisualStudioVersion = 14.0.25420.1
MinimumVisualStudioVersion = 10.0.40219.1
Project("{FAE04EC0-301F-11D3-BF4B-00C04F79EFBC}") = "demo04", "demo04\demo04.csproj", "{096E607C-15D7-4BF4-8903-580BF134D27B}"
EndProject
Global
	GlobalSection(SolutionConfigurationPlatforms) = preSolution
		Debug|Any CPU = Debug|Any CPU
		Release|Any CPU = Release|Any CPU
	EndGlobalSection
	GlobalSection(ProjectConfigurationPlatforms) = postSolution
		{096E607C-15D7-4BF4-8903-580BF134D27B}.Debug|Any CPU.ActiveCfg = Debug|Any CPU
		{096E607C-15D7-4BF4-8903-580BF134D27B}.Debug|Any CPU.Build.0 = Debug|Any CPU
		{096E607C-15D7-4BF4-8903-580BF134D27B}.Release|Any CPU.ActiveCfg = Release|Any CPU
		{096E607C-15D7-4BF4-8903-580BF134D27B}.Release|Any CPU.Build.0 = Release|Any CPU
	EndGlobalSection
	GlobalSection(SolutionProperties) = preSolution
		HideSolutionNode = FALSE
	EndGlobalSection
EndGlobal
